// !$*UTF8*$!
{
	archiveVersion = 1;
	classes = {
	};
	objectVersion = 56;
	objects = {

/* Begin PBXBuildFile section */
		7CD37DAC2AF0113600E52C3F /* prototipo_projetoApp.swift in Sources */ = {isa = PBXBuildFile; fileRef = 7CD37DAB2AF0113600E52C3F /* prototipo_projetoApp.swift */; };
		7CD37DAE2AF0113600E52C3F /* ContentView.swift in Sources */ = {isa = PBXBuildFile; fileRef = 7CD37DAD2AF0113600E52C3F /* ContentView.swift */; };
		7CD37DB02AF0113800E52C3F /* Assets.xcassets in Resources */ = {isa = PBXBuildFile; fileRef = 7CD37DAF2AF0113800E52C3F /* Assets.xcassets */; };
		7CD37DB32AF0113800E52C3F /* Preview Assets.xcassets in Resources */ = {isa = PBXBuildFile; fileRef = 7CD37DB22AF0113800E52C3F /* Preview Assets.xcassets */; };
		7CD37DBC2AF2C5E500E52C3F /* HomeView.swift in Sources */ = {isa = PBXBuildFile; fileRef = 7CD37DBB2AF2C5E500E52C3F /* HomeView.swift */; };
		7CD37DBE2AF2C6E800E52C3F /* BuildingsView.swift in Sources */ = {isa = PBXBuildFile; fileRef = 7CD37DBD2AF2C6E800E52C3F /* BuildingsView.swift */; };
		7CD37DC02AF2D7F100E52C3F /* BuildingView.swift in Sources */ = {isa = PBXBuildFile; fileRef = 7CD37DBF2AF2D7F100E52C3F /* BuildingView.swift */; };
		7CD37DE42AF9593F00E52C3F /* AppModel.swift in Sources */ = {isa = PBXBuildFile; fileRef = 7CD37DE32AF9593F00E52C3F /* AppModel.swift */; };
		F11160CE2AF07CC6001A8CA8 /* MapView.swift in Sources */ = {isa = PBXBuildFile; fileRef = F11160CD2AF07CC6001A8CA8 /* MapView.swift */; };
/* End PBXBuildFile section */

/* Begin PBXFileReference section */
		7CD37DA82AF0113600E52C3F /* prototipo_projeto.app */ = {isa = PBXFileReference; explicitFileType = wrapper.application; includeInIndex = 0; path = prototipo_projeto.app; sourceTree = BUILT_PRODUCTS_DIR; };
		7CD37DAB2AF0113600E52C3F /* prototipo_projetoApp.swift */ = {isa = PBXFileReference; lastKnownFileType = sourcecode.swift; path = prototipo_projetoApp.swift; sourceTree = "<group>"; };
		7CD37DAD2AF0113600E52C3F /* ContentView.swift */ = {isa = PBXFileReference; lastKnownFileType = sourcecode.swift; path = ContentView.swift; sourceTree = "<group>"; };
		7CD37DAF2AF0113800E52C3F /* Assets.xcassets */ = {isa = PBXFileReference; lastKnownFileType = folder.assetcatalog; path = Assets.xcassets; sourceTree = "<group>"; };
		7CD37DB22AF0113800E52C3F /* Preview Assets.xcassets */ = {isa = PBXFileReference; lastKnownFileType = folder.assetcatalog; path = "Preview Assets.xcassets"; sourceTree = "<group>"; };
		7CD37DBB2AF2C5E500E52C3F /* HomeView.swift */ = {isa = PBXFileReference; lastKnownFileType = sourcecode.swift; path = HomeView.swift; sourceTree = "<group>"; };
		7CD37DBD2AF2C6E800E52C3F /* BuildingsView.swift */ = {isa = PBXFileReference; lastKnownFileType = sourcecode.swift; path = BuildingsView.swift; sourceTree = "<group>"; };
		7CD37DBF2AF2D7F100E52C3F /* BuildingView.swift */ = {isa = PBXFileReference; lastKnownFileType = sourcecode.swift; path = BuildingView.swift; sourceTree = "<group>"; };
		7CD37DE32AF9593F00E52C3F /* AppModel.swift */ = {isa = PBXFileReference; lastKnownFileType = sourcecode.swift; path = AppModel.swift; sourceTree = "<group>"; };
		F11160CD2AF07CC6001A8CA8 /* MapView.swift */ = {isa = PBXFileReference; lastKnownFileType = sourcecode.swift; path = MapView.swift; sourceTree = "<group>"; };
/* End PBXFileReference section */

/* Begin PBXFrameworksBuildPhase section */
		7CD37DA52AF0113600E52C3F /* Frameworks */ = {
			isa = PBXFrameworksBuildPhase;
			buildActionMask = 2147483647;
			files = (
			);
			runOnlyForDeploymentPostprocessing = 0;
		};
/* End PBXFrameworksBuildPhase section */

/* Begin PBXGroup section */
		7CD37D9F2AF0113600E52C3F = {
			isa = PBXGroup;
			children = (
				7CD37DAA2AF0113600E52C3F /* prototipo_projeto */,
				7CD37DA92AF0113600E52C3F /* Products */,
			);
			sourceTree = "<group>";
		};
		7CD37DA92AF0113600E52C3F /* Products */ = {
			isa = PBXGroup;
			children = (
				7CD37DA82AF0113600E52C3F /* prototipo_projeto.app */,
			);
			name = Products;
			sourceTree = "<group>";
		};
		7CD37DAA2AF0113600E52C3F /* prototipo_projeto */ = {
			isa = PBXGroup;
			children = (
				7CD37DBF2AF2D7F100E52C3F /* BuildingView.swift */,
				7CD37DBD2AF2C6E800E52C3F /* BuildingsView.swift */,
				7CD37DAB2AF0113600E52C3F /* prototipo_projetoApp.swift */,
				7CD37DAD2AF0113600E52C3F /* ContentView.swift */,
				7CD37DAF2AF0113800E52C3F /* Assets.xcassets */,
				7CD37DB12AF0113800E52C3F /* Preview Content */,
				F11160CD2AF07CC6001A8CA8 /* MapView.swift */,
				7CD37DBB2AF2C5E500E52C3F /* HomeView.swift */,
				7CD37DE32AF9593F00E52C3F /* AppModel.swift */,
			);
			path = prototipo_projeto;
			sourceTree = "<group>";
		};
		7CD37DB12AF0113800E52C3F /* Preview Content */ = {
			isa = PBXGroup;
			children = (
				7CD37DB22AF0113800E52C3F /* Preview Assets.xcassets */,
			);
			path = "Preview Content";
			sourceTree = "<group>";
		};
/* End PBXGroup section */

/* Begin PBXNativeTarget section */
		7CD37DA72AF0113600E52C3F /* prototipo_projeto */ = {
			isa = PBXNativeTarget;
			buildConfigurationList = 7CD37DB62AF0113800E52C3F /* Build configuration list for PBXNativeTarget "prototipo_projeto" */;
			buildPhases = (
				7CD37DA42AF0113600E52C3F /* Sources */,
				7CD37DA52AF0113600E52C3F /* Frameworks */,
				7CD37DA62AF0113600E52C3F /* Resources */,
			);
			buildRules = (
			);
			dependencies = (
			);
			name = prototipo_projeto;
			productName = prototipo_projeto;
			productReference = 7CD37DA82AF0113600E52C3F /* prototipo_projeto.app */;
			productType = "com.apple.product-type.application";
		};
/* End PBXNativeTarget section */

/* Begin PBXProject section */
		7CD37DA02AF0113600E52C3F /* Project object */ = {
			isa = PBXProject;
			attributes = {
				BuildIndependentTargetsInParallel = 1;
				LastSwiftUpdateCheck = 1420;
				LastUpgradeCheck = 1420;
				TargetAttributes = {
					7CD37DA72AF0113600E52C3F = {
						CreatedOnToolsVersion = 14.2;
					};
				};
			};
			buildConfigurationList = 7CD37DA32AF0113600E52C3F /* Build configuration list for PBXProject "prototipo_projeto" */;
			compatibilityVersion = "Xcode 14.0";
			developmentRegion = en;
			hasScannedForEncodings = 0;
			knownRegions = (
				en,
				Base,
			);
			mainGroup = 7CD37D9F2AF0113600E52C3F;
			productRefGroup = 7CD37DA92AF0113600E52C3F /* Products */;
			projectDirPath = "";
			projectRoot = "";
			targets = (
				7CD37DA72AF0113600E52C3F /* prototipo_projeto */,
			);
		};
/* End PBXProject section */

/* Begin PBXResourcesBuildPhase section */
		7CD37DA62AF0113600E52C3F /* Resources */ = {
			isa = PBXResourcesBuildPhase;
			buildActionMask = 2147483647;
			files = (
				7CD37DB32AF0113800E52C3F /* Preview Assets.xcassets in Resources */,
				7CD37DB02AF0113800E52C3F /* Assets.xcassets in Resources */,
			);
			runOnlyForDeploymentPostprocessing = 0;
		};
/* End PBXResourcesBuildPhase section */

/* Begin PBXSourcesBuildPhase section */
		7CD37DA42AF0113600E52C3F /* Sources */ = {
			isa = PBXSourcesBuildPhase;
			buildActionMask = 2147483647;
			files = (
				7CD37DE42AF9593F00E52C3F /* AppModel.swift in Sources */,
				7CD37DAE2AF0113600E52C3F /* ContentView.swift in Sources */,
				7CD37DBC2AF2C5E500E52C3F /* HomeView.swift in Sources */,
				7CD37DBE2AF2C6E800E52C3F /* BuildingsView.swift in Sources */,
				F11160CE2AF07CC6001A8CA8 /* MapView.swift in Sources */,
				7CD37DC02AF2D7F100E52C3F /* BuildingView.swift in Sources */,
				7CD37DAC2AF0113600E52C3F /* prototipo_projetoApp.swift in Sources */,
			);
			runOnlyForDeploymentPostprocessing = 0;
		};
/* End PBXSourcesBuildPhase section */

/* Begin XCBuildConfiguration section */
		7CD37DB42AF0113800E52C3F /* Debug */ = {
			isa = XCBuildConfiguration;
			buildSettings = {
				ALWAYS_SEARCH_USER_PATHS = NO;
				CLANG_ANALYZER_NONNULL = YES;
				CLANG_ANALYZER_NUMBER_OBJECT_CONVERSION = YES_AGGRESSIVE;
				CLANG_CXX_LANGUAGE_STANDARD = "gnu++20";
				CLANG_ENABLE_MODULES = YES;
				CLANG_ENABLE_OBJC_ARC = YES;
				CLANG_ENABLE_OBJC_WEAK = YES;
				CLANG_WARN_BLOCK_CAPTURE_AUTORELEASING = YES;
				CLANG_WARN_BOOL_CONVERSION = YES;
				CLANG_WARN_COMMA = YES;
				CLANG_WARN_CONSTANT_CONVERSION = YES;
				CLANG_WARN_DEPRECATED_OBJC_IMPLEMENTATIONS = YES;
				CLANG_WARN_DIRECT_OBJC_ISA_USAGE = YES_ERROR;
				CLANG_WARN_DOCUMENTATION_COMMENTS = YES;
				CLANG_WARN_EMPTY_BODY = YES;
				CLANG_WARN_ENUM_CONVERSION = YES;
				CLANG_WARN_INFINITE_RECURSION = YES;
				CLANG_WARN_INT_CONVERSION = YES;
				CLANG_WARN_NON_LITERAL_NULL_CONVERSION = YES;
				CLANG_WARN_OBJC_IMPLICIT_RETAIN_SELF = YES;
				CLANG_WARN_OBJC_LITERAL_CONVERSION = YES;
				CLANG_WARN_OBJC_ROOT_CLASS = YES_ERROR;
				CLANG_WARN_QUOTED_INCLUDE_IN_FRAMEWORK_HEADER = YES;
				CLANG_WARN_RANGE_LOOP_ANALYSIS = YES;
				CLANG_WARN_STRICT_PROTOTYPES = YES;
				CLANG_WARN_SUSPICIOUS_MOVE = YES;
				CLANG_WARN_UNGUARDED_AVAILABILITY = YES_AGGRESSIVE;
				CLANG_WARN_UNREACHABLE_CODE = YES;
				CLANG_WARN__DUPLICATE_METHOD_MATCH = YES;
				COPY_PHASE_STRIP = NO;
				DEBUG_INFORMATION_FORMAT = dwarf;
				ENABLE_STRICT_OBJC_MSGSEND = YES;
				ENABLE_TESTABILITY = YES;
				GCC_C_LANGUAGE_STANDARD = gnu11;
				GCC_DYNAMIC_NO_PIC = NO;
				GCC_NO_COMMON_BLOCKS = YES;
				GCC_OPTIMIZATION_LEVEL = 0;
				GCC_PREPROCESSOR_DEFINITIONS = (
					"DEBUG=1",
					"$(inherited)",
				);
				GCC_WARN_64_TO_32_BIT_CONVERSION = YES;
				GCC_WARN_ABOUT_RETURN_TYPE = YES_ERROR;
				GCC_WARN_UNDECLARED_SELECTOR = YES;
				GCC_WARN_UNINITIALIZED_AUTOS = YES_AGGRESSIVE;
				GCC_WARN_UNUSED_FUNCTION = YES;
				GCC_WARN_UNUSED_VARIABLE = YES;
				IPHONEOS_DEPLOYMENT_TARGET = 16.2;
				MTL_ENABLE_DEBUG_INFO = INCLUDE_SOURCE;
				MTL_FAST_MATH = YES;
				ONLY_ACTIVE_ARCH = YES;
				SDKROOT = iphoneos;
				SWIFT_ACTIVE_COMPILATION_CONDITIONS = DEBUG;
				SWIFT_OPTIMIZATION_LEVEL = "-Onone";
			};
			name = Debug;
		};
		7CD37DB52AF0113800E52C3F /* Release */ = {
			isa = XCBuildConfiguration;
			buildSettings = {
				ALWAYS_SEARCH_USER_PATHS = NO;
				CLANG_ANALYZER_NONNULL = YES;
				CLANG_ANALYZER_NUMBER_OBJECT_CONVERSION = YES_AGGRESSIVE;
				CLANG_CXX_LANGUAGE_STANDARD = "gnu++20";
				CLANG_ENABLE_MODULES = YES;
				CLANG_ENABLE_OBJC_ARC = YES;
				CLANG_ENABLE_OBJC_WEAK = YES;
				CLANG_WARN_BLOCK_CAPTURE_AUTORELEASING = YES;
				CLANG_WARN_BOOL_CONVERSION = YES;
				CLANG_WARN_COMMA = YES;
				CLANG_WARN_CONSTANT_CONVERSION = YES;
				CLANG_WARN_DEPRECATED_OBJC_IMPLEMENTATIONS = YES;
				CLANG_WARN_DIRECT_OBJC_ISA_USAGE = YES_ERROR;
				CLANG_WARN_DOCUMENTATION_COMMENTS = YES;
				CLANG_WARN_EMPTY_BODY = YES;
				CLANG_WARN_ENUM_CONVERSION = YES;
				CLANG_WARN_INFINITE_RECURSION = YES;
				CLANG_WARN_INT_CONVERSION = YES;
				CLANG_WARN_NON_LITERAL_NULL_CONVERSION = YES;
				CLANG_WARN_OBJC_IMPLICIT_RETAIN_SELF = YES;
				CLANG_WARN_OBJC_LITERAL_CONVERSION = YES;
				CLANG_WARN_OBJC_ROOT_CLASS = YES_ERROR;
				CLANG_WARN_QUOTED_INCLUDE_IN_FRAMEWORK_HEADER = YES;
				CLANG_WARN_RANGE_LOOP_ANALYSIS = YES;
				CLANG_WARN_STRICT_PROTOTYPES = YES;
				CLANG_WARN_SUSPICIOUS_MOVE = YES;
				CLANG_WARN_UNGUARDED_AVAILABILITY = YES_AGGRESSIVE;
				CLANG_WARN_UNREACHABLE_CODE = YES;
				CLANG_WARN__DUPLICATE_METHOD_MATCH = YES;
				COPY_PHASE_STRIP = NO;
				DEBUG_INFORMATION_FORMAT = "dwarf-with-dsym";
				ENABLE_NS_ASSERTIONS = NO;
				ENABLE_STRICT_OBJC_MSGSEND = YES;
				GCC_C_LANGUAGE_STANDARD = gnu11;
				GCC_NO_COMMON_BLOCKS = YES;
				GCC_WARN_64_TO_32_BIT_CONVERSION = YES;
				GCC_WARN_ABOUT_RETURN_TYPE = YES_ERROR;
				GCC_WARN_UNDECLARED_SELECTOR = YES;
				GCC_WARN_UNINITIALIZED_AUTOS = YES_AGGRESSIVE;
				GCC_WARN_UNUSED_FUNCTION = YES;
				GCC_WARN_UNUSED_VARIABLE = YES;
				IPHONEOS_DEPLOYMENT_TARGET = 16.2;
				MTL_ENABLE_DEBUG_INFO = NO;
				MTL_FAST_MATH = YES;
				SDKROOT = iphoneos;
				SWIFT_COMPILATION_MODE = wholemodule;
				SWIFT_OPTIMIZATION_LEVEL = "-O";
				VALIDATE_PRODUCT = YES;
			};
			name = Release;
		};
		7CD37DB72AF0113800E52C3F /* Debug */ = {
			isa = XCBuildConfiguration;
			buildSettings = {
				ASSETCATALOG_COMPILER_APPICON_NAME = AppIcon;
				ASSETCATALOG_COMPILER_GLOBAL_ACCENT_COLOR_NAME = AccentColor;
				CODE_SIGN_STYLE = Automatic;
				CURRENT_PROJECT_VERSION = 1;
				DEVELOPMENT_ASSET_PATHS = "\"prototipo_projeto/Preview Content\"";
				DEVELOPMENT_TEAM = Y3KWVPWTD8;
				ENABLE_PREVIEWS = YES;
				GENERATE_INFOPLIST_FILE = YES;
				INFOPLIST_KEY_UIApplicationSceneManifest_Generation = YES;
				INFOPLIST_KEY_UIApplicationSupportsIndirectInputEvents = YES;
				INFOPLIST_KEY_UILaunchScreen_Generation = YES;
				INFOPLIST_KEY_UISupportedInterfaceOrientations_iPad = "UIInterfaceOrientationPortrait UIInterfaceOrientationPortraitUpsideDown UIInterfaceOrientationLandscapeLeft UIInterfaceOrientationLandscapeRight";
				INFOPLIST_KEY_UISupportedInterfaceOrientations_iPhone = "UIInterfaceOrientationPortrait UIInterfaceOrientationLandscapeLeft UIInterfaceOrientationLandscapeRight";
				LD_RUNPATH_SEARCH_PATHS = (
					"$(inherited)",
					"@executable_path/Frameworks",
				);
				MARKETING_VERSION = 1.0;
				PRODUCT_BUNDLE_IDENTIFIER = "vynijales.prototipo-projeto";
				PRODUCT_NAME = "$(TARGET_NAME)";
				SWIFT_EMIT_LOC_STRINGS = YES;
				SWIFT_VERSION = 5.0;
				TARGETED_DEVICE_FAMILY = "1,2";
			};
			name = Debug;
		};
		7CD37DB82AF0113800E52C3F /* Release */ = {
			isa = XCBuildConfiguration;
			buildSettings = {
				ASSETCATALOG_COMPILER_APPICON_NAME = AppIcon;
				ASSETCATALOG_COMPILER_GLOBAL_ACCENT_COLOR_NAME = AccentColor;
				CODE_SIGN_STYLE = Automatic;
				CURRENT_PROJECT_VERSION = 1;
				DEVELOPMENT_ASSET_PATHS = "\"prototipo_projeto/Preview Content\"";
				DEVELOPMENT_TEAM = Y3KWVPWTD8;
				ENABLE_PREVIEWS = YES;
				GENERATE_INFOPLIST_FILE = YES;
				INFOPLIST_KEY_UIApplicationSceneManifest_Generation = YES;
				INFOPLIST_KEY_UIApplicationSupportsIndirectInputEvents = YES;
				INFOPLIST_KEY_UILaunchScreen_Generation = YES;
				INFOPLIST_KEY_UISupportedInterfaceOrientations_iPad = "UIInterfaceOrientationPortrait UIInterfaceOrientationPortraitUpsideDown UIInterfaceOrientationLandscapeLeft UIInterfaceOrientationLandscapeRight";
				INFOPLIST_KEY_UISupportedInterfaceOrientations_iPhone = "UIInterfaceOrientationPortrait UIInterfaceOrientationLandscapeLeft UIInterfaceOrientationLandscapeRight";
				LD_RUNPATH_SEARCH_PATHS = (
					"$(inherited)",
					"@executable_path/Frameworks",
				);
				MARKETING_VERSION = 1.0;
				PRODUCT_BUNDLE_IDENTIFIER = "vynijales.prototipo-projeto";
				PRODUCT_NAME = "$(TARGET_NAME)";
				SWIFT_EMIT_LOC_STRINGS = YES;
				SWIFT_VERSION = 5.0;
				TARGETED_DEVICE_FAMILY = "1,2";
			};
			name = Release;
		};
/* End XCBuildConfiguration section */

/* Begin XCConfigurationList section */
		7CD37DA32AF0113600E52C3F /* Build configuration list for PBXProject "prototipo_projeto" */ = {
			isa = XCConfigurationList;
			buildConfigurations = (
				7CD37DB42AF0113800E52C3F /* Debug */,
				7CD37DB52AF0113800E52C3F /* Release */,
			);
			defaultConfigurationIsVisible = 0;
			defaultConfigurationName = Release;
		};
		7CD37DB62AF0113800E52C3F /* Build configuration list for PBXNativeTarget "prototipo_projeto" */ = {
			isa = XCConfigurationList;
			buildConfigurations = (
				7CD37DB72AF0113800E52C3F /* Debug */,
				7CD37DB82AF0113800E52C3F /* Release */,
			);
			defaultConfigurationIsVisible = 0;
			defaultConfigurationName = Release;
		};
/* End XCConfigurationList section */
	};
	rootObject = 7CD37DA02AF0113600E52C3F /* Project object */;
}
